<?xml version="1.0" encoding="utf-8"?>
<Project ToolsVersion="4.0" xmlns="http://schemas.microsoft.com/developer/msbuild/2003">
  <ItemGroup>
    <Filter Include="Headerdateien">
      <UniqueIdentifier>{93995380-89BD-4b04-88EB-625FBE52EBFB}</UniqueIdentifier>
      <Extensions>h;hpp;hxx;hm;inl;inc;xsd</Extensions>
    </Filter>
    <Filter Include="Ressourcendateien">
      <UniqueIdentifier>{67DA6AB6-F800-4c08-8B7A-83BB121AAD01}</UniqueIdentifier>
      <Extensions>rc;ico;cur;bmp;dlg;rc2;rct;bin;rgs;gif;jpg;jpeg;jpe;resx;tiff;tif;png;wav;mfcribbon-ms</Extensions>
    </Filter>
    <Filter Include="Quelldateien">
      <UniqueIdentifier>{4FC737F1-C7A5-4376-A066-2A32D752A2FF}</UniqueIdentifier>
      <Extensions>cpp;c;cc;cxx;def;odl;idl;hpj;bat;asm;asmx</Extensions>
    </Filter>
  </ItemGroup>
  <ItemGroup>
    <ClCompile Include="main.cpp">
      <Filter>Quelldateien</Filter>
    </ClCompile>
    <ClCompile Include="Framework.cpp">
      <Filter>Quelldateien</Filter>
    </ClCompile>
    <ClCompile Include="Time.cpp">
      <Filter>Quelldateien</Filter>
    </ClCompile>
    <ClCompile Include="Menu.cpp">
      <Filter>Quelldateien</Filter>
    </ClCompile>
    <ClCompile Include="Textures.cpp">
      <Filter>Quelldateien</Filter>
    </ClCompile>
    <ClCompile Include="Sprite.cpp">
      <Filter>Quelldateien</Filter>
    </ClCompile>
    <ClCompile Include="Button.cpp">
      <Filter>Quelldateien</Filter>
    </ClCompile>
    <ClCompile Include="GameChoose.cpp">
      <Filter>Quelldateien</Filter>
    </ClCompile>
    <ClCompile Include="Options.cpp">
      <Filter>Quelldateien</Filter>
    </ClCompile>
    <ClCompile Include="Game.cpp">
      <Filter>Quelldateien</Filter>
    </ClCompile>
    <ClCompile Include="Placeable.cpp">
      <Filter>Quelldateien</Filter>
    </ClCompile>
    <ClCompile Include="World.cpp">
      <Filter>Quelldateien</Filter>
    </ClCompile>
    <ClCompile Include="Player.cpp">
      <Filter>Quelldateien</Filter>
    </ClCompile>
    <ClCompile Include="Living3Part.cpp">
      <Filter>Quelldateien</Filter>
    </ClCompile>
    <ClCompile Include="Inventory.cpp">
      <Filter>Quelldateien</Filter>
    </ClCompile>
    <ClCompile Include="LittleItems.cpp">
      <Filter>Quelldateien</Filter>
    </ClCompile>
    <ClCompile Include="Items.cpp">
      <Filter>Quelldateien</Filter>
    </ClCompile>
    <ClCompile Include="Tool.cpp">
      <Filter>Quelldateien</Filter>
    </ClCompile>
    <ClCompile Include="BuildingMenu.cpp">
      <Filter>Quelldateien</Filter>
    </ClCompile>
    <ClCompile Include="Panel.cpp">
      <Filter>Quelldateien</Filter>
    </ClCompile>
    <ClCompile Include="Furnance.cpp">
      <Filter>Quelldateien</Filter>
    </ClCompile>
    <ClCompile Include="Chest.cpp">
      <Filter>Quelldateien</Filter>
    </ClCompile>
    <ClCompile Include="LoadGame.cpp">
      <Filter>Quelldateien</Filter>
    </ClCompile>
    <ClCompile Include="CharacterInfo.cpp">
      <Filter>Quelldateien</Filter>
    </ClCompile>
    <ClCompile Include="Beam.cpp">
      <Filter>Quelldateien</Filter>
    </ClCompile>
    <ClCompile Include="Equipment.cpp">
      <Filter>Quelldateien</Filter>
    </ClCompile>
    <ClCompile Include="PlayerEquipment.cpp">
      <Filter>Quelldateien</Filter>
    </ClCompile>
    <ClCompile Include="StringInput.cpp">
      <Filter>Quelldateien</Filter>
    </ClCompile>
    <ClCompile Include="NewGame.cpp">
      <Filter>Quelldateien</Filter>
    </ClCompile>
    <ClCompile Include="LightMachine.cpp">
      <Filter>Quelldateien</Filter>
    </ClCompile>
    <ClCompile Include="NPC.cpp">
      <Filter>Quelldateien</Filter>
    </ClCompile>
    <ClCompile Include="Bee.cpp">
      <Filter>Quelldateien</Filter>
    </ClCompile>
    <ClCompile Include="NpcMachine.cpp">
      <Filter>Quelldateien</Filter>
    </ClCompile>
    <ClCompile Include="SignMachine.cpp">
      <Filter>Quelldateien</Filter>
    </ClCompile>
    <ClCompile Include="Goblin.cpp">
      <Filter>Quelldateien</Filter>
    </ClCompile>
    <ClCompile Include="Profiler.cpp">
      <Filter>Quelldateien</Filter>
    </ClCompile>
    <ClCompile Include="Rims.cpp">
      <Filter>Quelldateien</Filter>
    </ClCompile>
    <ClCompile Include="MagicMenu.cpp">
      <Filter>Quelldateien</Filter>
    </ClCompile>
    <ClCompile Include="Projectiles.cpp">
      <Filter>Quelldateien</Filter>
    </ClCompile>
    <ClCompile Include="Consumable.cpp">
      <Filter>Quelldateien</Filter>
    </ClCompile>
    <ClCompile Include="Cauldron.cpp">
      <Filter>Quelldateien</Filter>
    </ClCompile>
    <ClCompile Include="Sound.cpp">
      <Filter>Quelldateien</Filter>
    </ClCompile>
    <ClCompile Include="Highscore.cpp">
      <Filter>Quelldateien</Filter>
    </ClCompile>
    <ClCompile Include="CookingBook.cpp">
      <Filter>Quelldateien</Filter>
    </ClCompile>
  </ItemGroup>
  <ItemGroup>
    <ClInclude Include="Framework.hpp">
      <Filter>Headerdateien</Filter>
    </ClInclude>
    <ClInclude Include="singleton.hpp">
      <Filter>Headerdateien</Filter>
    </ClInclude>
    <ClInclude Include="Time.hpp">
      <Filter>Headerdateien</Filter>
    </ClInclude>
    <ClInclude Include="Menu.hpp">
      <Filter>Headerdateien</Filter>
    </ClInclude>
    <ClInclude Include="Textures.hpp">
      <Filter>Headerdateien</Filter>
    </ClInclude>
    <ClInclude Include="Sprite.hpp">
      <Filter>Headerdateien</Filter>
    </ClInclude>
    <ClInclude Include="Button.hpp">
      <Filter>Headerdateien</Filter>
    </ClInclude>
    <ClInclude Include="Constants.hpp">
      <Filter>Headerdateien</Filter>
    </ClInclude>
    <ClInclude Include="GameChoose.hpp">
      <Filter>Headerdateien</Filter>
    </ClInclude>
    <ClInclude Include="Options.hpp">
      <Filter>Headerdateien</Filter>
    </ClInclude>
    <ClInclude Include="Game.hpp">
      <Filter>Headerdateien</Filter>
    </ClInclude>
    <ClInclude Include="Thing.hpp">
      <Filter>Headerdateien</Filter>
    </ClInclude>
    <ClInclude Include="Placeable.hpp">
      <Filter>Headerdateien</Filter>
    </ClInclude>
    <ClInclude Include="World.hpp">
      <Filter>Headerdateien</Filter>
    </ClInclude>
    <ClInclude Include="Player.hpp">
      <Filter>Headerdateien</Filter>
    </ClInclude>
    <ClInclude Include="Structures.hpp">
      <Filter>Headerdateien</Filter>
    </ClInclude>
    <ClInclude Include="Living3Part.hpp">
      <Filter>Headerdateien</Filter>
    </ClInclude>
    <ClInclude Include="Inventory.hpp">
      <Filter>Headerdateien</Filter>
    </ClInclude>
    <ClInclude Include="KeyStates.hpp">
      <Filter>Headerdateien</Filter>
    </ClInclude>
    <ClInclude Include="LittleItems.hpp">
      <Filter>Headerdateien</Filter>
    </ClInclude>
    <ClInclude Include="Items.hpp">
      <Filter>Headerdateien</Filter>
    </ClInclude>
    <ClInclude Include="Tool.hpp">
      <Filter>Headerdateien</Filter>
    </ClInclude>
    <ClInclude Include="BuildingMenu.hpp">
      <Filter>Headerdateien</Filter>
    </ClInclude>
    <ClInclude Include="Panel.hpp">
      <Filter>Headerdateien</Filter>
    </ClInclude>
    <ClInclude Include="Furnance.hpp">
      <Filter>Headerdateien</Filter>
    </ClInclude>
    <ClInclude Include="Chest.hpp">
      <Filter>Headerdateien</Filter>
    </ClInclude>
    <ClInclude Include="LoadGame.hpp">
      <Filter>Headerdateien</Filter>
    </ClInclude>
    <ClInclude Include="CharacterInfo.hpp">
      <Filter>Headerdateien</Filter>
    </ClInclude>
    <ClInclude Include="Beam.hpp">
      <Filter>Headerdateien</Filter>
    </ClInclude>
    <ClInclude Include="Equipment.hpp">
      <Filter>Headerdateien</Filter>
    </ClInclude>
    <ClInclude Include="PlayerEquipment.hpp">
      <Filter>Headerdateien</Filter>
    </ClInclude>
    <ClInclude Include="StringInput.hpp">
      <Filter>Headerdateien</Filter>
    </ClInclude>
    <ClInclude Include="NewGame.hpp">
      <Filter>Headerdateien</Filter>
    </ClInclude>
    <ClInclude Include="LightMachine.hpp">
      <Filter>Headerdateien</Filter>
    </ClInclude>
    <ClInclude Include="NPC.hpp">
      <Filter>Headerdateien</Filter>
    </ClInclude>
    <ClInclude Include="Bee.hpp">
      <Filter>Headerdateien</Filter>
    </ClInclude>
    <ClInclude Include="NpcMachine.hpp">
      <Filter>Headerdateien</Filter>
    </ClInclude>
    <ClInclude Include="SignMachine.hpp">
      <Filter>Headerdateien</Filter>
    </ClInclude>
    <ClInclude Include="Goblin.hpp">
      <Filter>Headerdateien</Filter>
    </ClInclude>
    <ClInclude Include="Profiler.hpp">
      <Filter>Headerdateien</Filter>
    </ClInclude>
    <ClInclude Include="Rims.hpp">
      <Filter>Headerdateien</Filter>
    </ClInclude>
    <ClInclude Include="MagicMenu.hpp">
      <Filter>Headerdateien</Filter>
    </ClInclude>
    <ClInclude Include="Projectiles.hpp">
      <Filter>Headerdateien</Filter>
    </ClInclude>
    <ClInclude Include="Filelogger.hpp">
      <Filter>Headerdateien</Filter>
    </ClInclude>
    <ClInclude Include="Consumable.hpp">
      <Filter>Headerdateien</Filter>
    </ClInclude>
    <ClInclude Include="Cauldron.hpp">
      <Filter>Headerdateien</Filter>
    </ClInclude>
    <ClInclude Include="Sound.hpp">
      <Filter>Headerdateien</Filter>
    </ClInclude>
    <ClInclude Include="Highscore.hpp">
      <Filter>Headerdateien</Filter>
    </ClInclude>
    <ClInclude Include="CookingBook.hpp">
      <Filter>Headerdateien</Filter>
    </ClInclude>
  </ItemGroup>
</Project>